// !$*UTF8*$!
{
	archiveVersion = 1;
	classes = {
	};
	objectVersion = 46;
	objects = {

/* Begin PBXBuildFile section */
		3956E0A91EE1E90A00B5C93E /* LabYokeAppTests.m in Sources */ = {isa = PBXBuildFile; fileRef = 3956E0A81EE1E90A00B5C93E /* LabYokeAppTests.m */; };
		3956E0B41EE1E90A00B5C93E /* LabYokeAppUITests.m in Sources */ = {isa = PBXBuildFile; fileRef = 3956E0B31EE1E90A00B5C93E /* LabYokeAppUITests.m */; };
/* End PBXBuildFile section */

/* Begin PBXContainerItemProxy section */
		3956E0A51EE1E90A00B5C93E /* PBXContainerItemProxy */ = {
			isa = PBXContainerItemProxy;
			containerPortal = 3956E0831EE1E90A00B5C93E /* Project object */;
			proxyType = 1;
			remoteGlobalIDString = 3956E08A1EE1E90A00B5C93E;
			remoteInfo = LabYokeApp;
		};
		3956E0B01EE1E90A00B5C93E /* PBXContainerItemProxy */ = {
			isa = PBXContainerItemProxy;
			containerPortal = 3956E0831EE1E90A00B5C93E /* Project object */;
			proxyType = 1;
			remoteGlobalIDString = 3956E08A1EE1E90A00B5C93E;
			remoteInfo = LabYokeApp;
		};
/* End PBXContainerItemProxy section */

/* Begin PBXFileReference section */
		3956E08B1EE1E90A00B5C93E /* LabYokeApp.app */ = {isa = PBXFileReference; explicitFileType = wrapper.application; includeInIndex = 0; path = LabYokeApp.app; sourceTree = BUILT_PRODUCTS_DIR; };
		3956E0A41EE1E90A00B5C93E /* LabYokeAppTests.xctest */ = {isa = PBXFileReference; explicitFileType = wrapper.cfbundle; includeInIndex = 0; path = LabYokeAppTests.xctest; sourceTree = BUILT_PRODUCTS_DIR; };
		3956E0A81EE1E90A00B5C93E /* LabYokeAppTests.m */ = {isa = PBXFileReference; lastKnownFileType = sourcecode.c.objc; path = LabYokeAppTests.m; sourceTree = "<group>"; };
		3956E0AA1EE1E90A00B5C93E /* Info.plist */ = {isa = PBXFileReference; lastKnownFileType = text.plist.xml; path = Info.plist; sourceTree = "<group>"; };
		3956E0AF1EE1E90A00B5C93E /* LabYokeAppUITests.xctest */ = {isa = PBXFileReference; explicitFileType = wrapper.cfbundle; includeInIndex = 0; path = LabYokeAppUITests.xctest; sourceTree = BUILT_PRODUCTS_DIR; };
		3956E0B31EE1E90A00B5C93E /* LabYokeAppUITests.m */ = {isa = PBXFileReference; lastKnownFileType = sourcecode.c.objc; path = LabYokeAppUITests.m; sourceTree = "<group>"; };
		3956E0B51EE1E90A00B5C93E /* Info.plist */ = {isa = PBXFileReference; lastKnownFileType = text.plist.xml; path = Info.plist; sourceTree = "<group>"; };
/* End PBXFileReference section */

/* Begin PBXFrameworksBuildPhase section */
		3956E0881EE1E90A00B5C93E /* Frameworks */ = {
			isa = PBXFrameworksBuildPhase;
			buildActionMask = 2147483647;
			files = (
			);
			runOnlyForDeploymentPostprocessing = 0;
		};
		3956E0A11EE1E90A00B5C93E /* Frameworks */ = {
			isa = PBXFrameworksBuildPhase;
			buildActionMask = 2147483647;
			files = (
			);
			runOnlyForDeploymentPostprocessing = 0;
		};
		3956E0AC1EE1E90A00B5C93E /* Frameworks */ = {
			isa = PBXFrameworksBuildPhase;
			buildActionMask = 2147483647;
			files = (
			);
			runOnlyForDeploymentPostprocessing = 0;
		};
/* End PBXFrameworksBuildPhase section */

/* Begin PBXGroup section */
		3956E0821EE1E90A00B5C93E = {
			isa = PBXGroup;
			children = (
				3956E0A71EE1E90A00B5C93E /* LabYokeAppTests */,
				3956E0B21EE1E90A00B5C93E /* LabYokeAppUITests */,
				3956E08C1EE1E90A00B5C93E /* Products */,
			);
			sourceTree = "<group>";
		};
		3956E08C1EE1E90A00B5C93E /* Products */ = {
			isa = PBXGroup;
			children = (
				3956E08B1EE1E90A00B5C93E /* LabYokeApp.app */,
				3956E0A41EE1E90A00B5C93E /* LabYokeAppTests.xctest */,
				3956E0AF1EE1E90A00B5C93E /* LabYokeAppUITests.xctest */,
			);
			name = Products;
			sourceTree = "<group>";
		};
		3956E0A71EE1E90A00B5C93E /* LabYokeAppTests */ = {
			isa = PBXGroup;
			children = (
				3956E0A81EE1E90A00B5C93E /* LabYokeAppTests.m */,
				3956E0AA1EE1E90A00B5C93E /* Info.plist */,
			);
			path = LabYokeAppTests;
			sourceTree = "<group>";
		};
		3956E0B21EE1E90A00B5C93E /* LabYokeAppUITests */ = {
			isa = PBXGroup;
			children = (
				3956E0B31EE1E90A00B5C93E /* LabYokeAppUITests.m */,
				3956E0B51EE1E90A00B5C93E /* Info.plist */,
			);
			path = LabYokeAppUITests;
			sourceTree = "<group>";
		};
/* End PBXGroup section */

/* Begin PBXNativeTarget section */
		3956E08A1EE1E90A00B5C93E /* LabYokeApp */ = {
			isa = PBXNativeTarget;
			buildConfigurationList = 3956E0B81EE1E90A00B5C93E /* Build configuration list for PBXNativeTarget "LabYokeApp" */;
			buildPhases = (
				3956E0871EE1E90A00B5C93E /* Sources */,
				3956E0881EE1E90A00B5C93E /* Frameworks */,
				3956E0891EE1E90A00B5C93E /* Resources */,
			);
			buildRules = (
			);
			dependencies = (
			);
			name = LabYokeApp;
			productName = LabYokeApp;
			productReference = 3956E08B1EE1E90A00B5C93E /* LabYokeApp.app */;
			productType = "com.apple.product-type.application";
		};
		3956E0A31EE1E90A00B5C93E /* LabYokeAppTests */ = {
			isa = PBXNativeTarget;
			buildConfigurationList = 3956E0BB1EE1E90A00B5C93E /* Build configuration list for PBXNativeTarget "LabYokeAppTests" */;
			buildPhases = (
				3956E0A01EE1E90A00B5C93E /* Sources */,
				3956E0A11EE1E90A00B5C93E /* Frameworks */,
				3956E0A21EE1E90A00B5C93E /* Resources */,
			);
			buildRules = (
			);
			dependencies = (
				3956E0A61EE1E90A00B5C93E /* PBXTargetDependency */,
			);
			name = LabYokeAppTests;
			productName = LabYokeAppTests;
			productReference = 3956E0A41EE1E90A00B5C93E /* LabYokeAppTests.xctest */;
			productType = "com.apple.product-type.bundle.unit-test";
		};
		3956E0AE1EE1E90A00B5C93E /* LabYokeAppUITests */ = {
			isa = PBXNativeTarget;
			buildConfigurationList = 3956E0BE1EE1E90A00B5C93E /* Build configuration list for PBXNativeTarget "LabYokeAppUITests" */;
			buildPhases = (
				3956E0AB1EE1E90A00B5C93E /* Sources */,
				3956E0AC1EE1E90A00B5C93E /* Frameworks */,
				3956E0AD1EE1E90A00B5C93E /* Resources */,
			);
			buildRules = (
			);
			dependencies = (
				3956E0B11EE1E90A00B5C93E /* PBXTargetDependency */,
			);
			name = LabYokeAppUITests;
			productName = LabYokeAppUITests;
			productReference = 3956E0AF1EE1E90A00B5C93E /* LabYokeAppUITests.xctest */;
			productType = "com.apple.product-type.bundle.ui-testing";
		};
/* End PBXNativeTarget section */

/* Begin PBXProject section */
		3956E0831EE1E90A00B5C93E /* Project object */ = {
			isa = PBXProject;
			attributes = {
				LastUpgradeCheck = 0830;
				ORGANIZATIONNAME = "N'Deye Gnagna Marianne Konate";
				TargetAttributes = {
					3956E08A1EE1E90A00B5C93E = {
						CreatedOnToolsVersion = 8.3.2;
						DevelopmentTeam = VN6L6E4R6L;
						ProvisioningStyle = Automatic;
					};
					3956E0A31EE1E90A00B5C93E = {
						CreatedOnToolsVersion = 8.3.2;
						DevelopmentTeam = VN6L6E4R6L;
						ProvisioningStyle = Automatic;
						TestTargetID = 3956E08A1EE1E90A00B5C93E;
					};
					3956E0AE1EE1E90A00B5C93E = {
						CreatedOnToolsVersion = 8.3.2;
						DevelopmentTeam = VN6L6E4R6L;
						ProvisioningStyle = Automatic;
						TestTargetID = 3956E08A1EE1E90A00B5C93E;
					};
				};
			};
			buildConfigurationList = 3956E0861EE1E90A00B5C93E /* Build configuration list for PBXProject "LabYokeApp" */;
			compatibilityVersion = "Xcode 3.2";
			developmentRegion = English;
			hasScannedForEncodings = 0;
			knownRegions = (
				en,
				Base,
			);
			mainGroup = 3956E0821EE1E90A00B5C93E;
			productRefGroup = 3956E08C1EE1E90A00B5C93E /* Products */;
			projectDirPath = "";
			projectRoot = "";
			targets = (
				3956E08A1EE1E90A00B5C93E /* LabYokeApp */,
				3956E0A31EE1E90A00B5C93E /* LabYokeAppTests */,
				3956E0AE1EE1E90A00B5C93E /* LabYokeAppUITests */,
			);
		};
/* End PBXProject section */

/* Begin PBXResourcesBuildPhase section */
		3956E0891EE1E90A00B5C93E /* Resources */ = {
			isa = PBXResourcesBuildPhase;
			buildActionMask = 2147483647;
			files = (
			);
			runOnlyForDeploymentPostprocessing = 0;
		};
		3956E0A21EE1E90A00B5C93E /* Resources */ = {
			isa = PBXResourcesBuildPhase;
			buildActionMask = 2147483647;
			files = (
			);
			runOnlyForDeploymentPostprocessing = 0;
		};
		3956E0AD1EE1E90A00B5C93E /* Resources */ = {
			isa = PBXResourcesBuildPhase;
			buildActionMask = 2147483647;
			files = (
			);
			runOnlyForDeploymentPostprocessing = 0;
		};
/* End PBXResourcesBuildPhase section */

/* Begin PBXSourcesBuildPhase section */
		3956E0871EE1E90A00B5C93E /* Sources */ = {
			isa = PBXSourcesBuildPhase;
			buildActionMask = 2147483647;
			files = (
			);
			runOnlyForDeploymentPostprocessing = 0;
		};
		3956E0A01EE1E90A00B5C93E /* Sources */ = {
			isa = PBXSourcesBuildPhase;
			buildActionMask = 2147483647;
			files = (
				3956E0A91EE1E90A00B5C93E /* LabYokeAppTests.m in Sources */,
			);
			runOnlyForDeploymentPostprocessing = 0;
		};
		3956E0AB1EE1E90A00B5C93E /* Sources */ = {
			isa = PBXSourcesBuildPhase;
			buildActionMask = 2147483647;
			files = (
				3956E0B41EE1E90A00B5C93E /* LabYokeAppUITests.m in Sources */,
			);
			runOnlyForDeploymentPostprocessing = 0;
		};
/* End PBXSourcesBuildPhase section */

/* Begin PBXTargetDependency section */
		3956E0A61EE1E90A00B5C93E /* PBXTargetDependency */ = {
			isa = PBXTargetDependency;
			target = 3956E08A1EE1E90A00B5C93E /* LabYokeApp */;
			targetProxy = 3956E0A51EE1E90A00B5C93E /* PBXContainerItemProxy */;
		};
		3956E0B11EE1E90A00B5C93E /* PBXTargetDependency */ = {
			isa = PBXTargetDependency;
			target = 3956E08A1EE1E90A00B5C93E /* LabYokeApp */;
			targetProxy = 3956E0B01EE1E90A00B5C93E /* PBXContainerItemProxy */;
		};
/* End PBXTargetDependency section */

/* Begin XCBuildConfiguration section */
		3956E0B61EE1E90A00B5C93E /* Debug */ = {
			isa = XCBuildConfiguration;
			buildSettings = {
				ALWAYS_SEARCH_USER_PATHS = NO;
				CLANG_ANALYZER_NONNULL = YES;
				CLANG_ANALYZER_NUMBER_OBJECT_CONVERSION = YES_AGGRESSIVE;
				CLANG_CXX_LANGUAGE_STANDARD = "gnu++0x";
				CLANG_CXX_LIBRARY = "libc++";
				CLANG_ENABLE_MODULES = YES;
				CLANG_ENABLE_OBJC_ARC = YES;
				CLANG_WARN_BOOL_CONVERSION = YES;
				CLANG_WARN_CONSTANT_CONVERSION = YES;
				CLANG_WARN_DIRECT_OBJC_ISA_USAGE = YES_ERROR;
				CLANG_WARN_DOCUMENTATION_COMMENTS = YES;
				CLANG_WARN_EMPTY_BODY = YES;
				CLANG_WARN_ENUM_CONVERSION = YES;
				CLANG_WARN_INFINITE_RECURSION = YES;
				CLANG_WARN_INT_CONVERSION = YES;
				CLANG_WARN_OBJC_ROOT_CLASS = YES_ERROR;
				CLANG_WARN_SUSPICIOUS_MOVE = YES;
				CLANG_WARN_UNREACHABLE_CODE = YES;
				CLANG_WARN__DUPLICATE_METHOD_MATCH = YES;
				"CODE_SIGN_IDENTITY[sdk=iphoneos*]" = "iPhone Developer";
				COPY_PHASE_STRIP = NO;
				DEBUG_INFORMATION_FORMAT = dwarf;
				ENABLE_STRICT_OBJC_MSGSEND = YES;
				ENABLE_TESTABILITY = YES;
				GCC_C_LANGUAGE_STANDARD = gnu99;
				GCC_DYNAMIC_NO_PIC = NO;
				GCC_NO_COMMON_BLOCKS = YES;
				GCC_OPTIMIZATION_LEVEL = 0;
				GCC_PREPROCESSOR_DEFINITIONS = (
					"DEBUG=1",
					"$(inherited)",
				);
				GCC_WARN_64_TO_32_BIT_CONVERSION = YES;
				GCC_WARN_ABOUT_RETURN_TYPE = YES_ERROR;
				GCC_WARN_UNDECLARED_SELECTOR = YES;
				GCC_WARN_UNINITIALIZED_AUTOS = YES_AGGRESSIVE;
				GCC_WARN_UNUSED_FUNCTION = YES;
				GCC_WARN_UNUSED_VARIABLE = YES;
				IPHONEOS_DEPLOYMENT_TARGET = 10.3;
				MTL_ENABLE_DEBUG_INFO = YES;
				ONLY_ACTIVE_ARCH = YES;
				SDKROOT = iphoneos;
				TARGETED_DEVICE_FAMILY = "1,2";
			};
			name = Debug;
		};
		3956E0B71EE1E90A00B5C93E /* Release */ = {
			isa = XCBuildConfiguration;
			buildSettings = {
				ALWAYS_SEARCH_USER_PATHS = NO;
				CLANG_ANALYZER_NONNULL = YES;
				CLANG_ANALYZER_NUMBER_OBJECT_CONVERSION = YES_AGGRESSIVE;
				CLANG_CXX_LANGUAGE_STANDARD = "gnu++0x";
				CLANG_CXX_LIBRARY = "libc++";
				CLANG_ENABLE_MODULES = YES;
				CLANG_ENABLE_OBJC_ARC = YES;
				CLANG_WARN_BOOL_CONVERSION = YES;
				CLANG_WARN_CONSTANT_CONVERSION = YES;
				CLANG_WARN_DIRECT_OBJC_ISA_USAGE = YES_ERROR;
				CLANG_WARN_DOCUMENTATION_COMMENTS = YES;
				CLANG_WARN_EMPTY_BODY = YES;
				CLANG_WARN_ENUM_CONVERSION = YES;
				CLANG_WARN_INFINITE_RECURSION = YES;
				CLANG_WARN_INT_CONVERSION = YES;
				CLANG_WARN_OBJC_ROOT_CLASS = YES_ERROR;
				CLANG_WARN_SUSPICIOUS_MOVE = YES;
				CLANG_WARN_UNREACHABLE_CODE = YES;
				CLANG_WARN__DUPLICATE_METHOD_MATCH = YES;
				"CODE_SIGN_IDENTITY[sdk=iphoneos*]" = "iPhone Developer";
				COPY_PHASE_STRIP = NO;
				DEBUG_INFORMATION_FORMAT = "dwarf-with-dsym";
				ENABLE_NS_ASSERTIONS = NO;
				ENABLE_STRICT_OBJC_MSGSEND = YES;
				GCC_C_LANGUAGE_STANDARD = gnu99;
				GCC_NO_COMMON_BLOCKS = YES;
				GCC_WARN_64_TO_32_BIT_CONVERSION = YES;
				GCC_WARN_ABOUT_RETURN_TYPE = YES_ERROR;
				GCC_WARN_UNDECLARED_SELECTOR = YES;
				GCC_WARN_UNINITIALIZED_AUTOS = YES_AGGRESSIVE;
				GCC_WARN_UNUSED_FUNCTION = YES;
				GCC_WARN_UNUSED_VARIABLE = YES;
				IPHONEOS_DEPLOYMENT_TARGET = 10.3;
				MTL_ENABLE_DEBUG_INFO = NO;
				SDKROOT = iphoneos;
				TARGETED_DEVICE_FAMILY = "1,2";
				VALIDATE_PRODUCT = YES;
			};
			name = Release;
		};
		3956E0B91EE1E90A00B5C93E /* Debug */ = {
			isa = XCBuildConfiguration;
			buildSettings = {
				ASSETCATALOG_COMPILER_APPICON_NAME = AppIcon;
				DEVELOPMENT_TEAM = VN6L6E4R6L;
				INFOPLIST_FILE = LabYokeApp/Info.plist;
				LD_RUNPATH_SEARCH_PATHS = "$(inherited) @executable_path/Frameworks";
				PRODUCT_BUNDLE_IDENTIFIER = gna.LabYokeApp;
				PRODUCT_NAME = "$(TARGET_NAME)";
			};
			name = Debug;
		};
		3956E0BA1EE1E90A00B5C93E /* Release */ = {
			isa = XCBuildConfiguration;
			buildSettings = {
				ASSETCATALOG_COMPILER_APPICON_NAME = AppIcon;
				DEVELOPMENT_TEAM = VN6L6E4R6L;
				INFOPLIST_FILE = LabYokeApp/Info.plist;
				LD_RUNPATH_SEARCH_PATHS = "$(inherited) @executable_path/Frameworks";
				PRODUCT_BUNDLE_IDENTIFIER = gna.LabYokeApp;
				PRODUCT_NAME = "$(TARGET_NAME)";
			};
			name = Release;
		};
		3956E0BC1EE1E90A00B5C93E /* Debug */ = {
			isa = XCBuildConfiguration;
			buildSettings = {
				BUNDLE_LOADER = "$(TEST_HOST)";
				DEVELOPMENT_TEAM = VN6L6E4R6L;
				INFOPLIST_FILE = LabYokeAppTests/Info.plist;
				LD_RUNPATH_SEARCH_PATHS = "$(inherited) @executable_path/Frameworks @loader_path/Frameworks";
				PRODUCT_BUNDLE_IDENTIFIER = gna.LabYokeAppTests;
				PRODUCT_NAME = "$(TARGET_NAME)";
				TEST_HOST = "$(BUILT_PRODUCTS_DIR)/LabYokeApp.app/LabYokeApp";
			};
			name = Debug;
		};
		3956E0BD1EE1E90A00B5C93E /* Release */ = {
			isa = XCBuildConfiguration;
			buildSettings = {
				BUNDLE_LOADER = "$(TEST_HOST)";
				DEVELOPMENT_TEAM = VN6L6E4R6L;
				INFOPLIST_FILE = LabYokeAppTests/Info.plist;
				LD_RUNPATH_SEARCH_PATHS = "$(inherited) @executable_path/Frameworks @loader_path/Frameworks";
				PRODUCT_BUNDLE_IDENTIFIER = gna.LabYokeAppTests;
				PRODUCT_NAME = "$(TARGET_NAME)";
				TEST_HOST = "$(BUILT_PRODUCTS_DIR)/LabYokeApp.app/LabYokeApp";
			};
			name = Release;
		};
		3956E0BF1EE1E90A00B5C93E /* Debug */ = {
			isa = XCBuildConfiguration;
			buildSettings = {
				DEVELOPMENT_TEAM = VN6L6E4R6L;
				INFOPLIST_FILE = LabYokeAppUITests/Info.plist;
				LD_RUNPATH_SEARCH_PATHS = "$(inherited) @executable_path/Frameworks @loader_path/Frameworks";
				PRODUCT_BUNDLE_IDENTIFIER = gna.LabYokeAppUITests;
				PRODUCT_NAME = "$(TARGET_NAME)";
				TEST_TARGET_NAME = LabYokeApp;
			};
			name = Debug;
		};
		3956E0C01EE1E90A00B5C93E /* Release */ = {
			isa = XCBuildConfiguration;
			buildSettings = {
				DEVELOPMENT_TEAM = VN6L6E4R6L;
				INFOPLIST_FILE = LabYokeAppUITests/Info.plist;
				LD_RUNPATH_SEARCH_PATHS = "$(inherited) @executable_path/Frameworks @loader_path/Frameworks";
				PRODUCT_BUNDLE_IDENTIFIER = gna.LabYokeAppUITests;
				PRODUCT_NAME = "$(TARGET_NAME)";
				TEST_TARGET_NAME = LabYokeApp;
			};
			name = Release;
		};
/* End XCBuildConfiguration section */

/* Begin XCConfigurationList section */
		3956E0861EE1E90A00B5C93E /* Build configuration list for PBXProject "LabYokeApp" */ = {
			isa = XCConfigurationList;
			buildConfigurations = (
				3956E0B61EE1E90A00B5C93E /* Debug */,
				3956E0B71EE1E90A00B5C93E /* Release */,
			);
			defaultConfigurationIsVisible = 0;
			defaultConfigurationName = Release;
		};
		3956E0B81EE1E90A00B5C93E /* Build configuration list for PBXNativeTarget "LabYokeApp" */ = {
			isa = XCConfigurationList;
			buildConfigurations = (
				3956E0B91EE1E90A00B5C93E /* Debug */,
				3956E0BA1EE1E90A00B5C93E /* Release */,
			);
			defaultConfigurationIsVisible = 0;
		};
		3956E0BB1EE1E90A00B5C93E /* Build configuration list for PBXNativeTarget "LabYokeAppTests" */ = {
			isa = XCConfigurationList;
			buildConfigurations = (
				3956E0BC1EE1E90A00B5C93E /* Debug */,
				3956E0BD1EE1E90A00B5C93E /* Release */,
			);
			defaultConfigurationIsVisible = 0;
		};
		3956E0BE1EE1E90A00B5C93E /* Build configuration list for PBXNativeTarget "LabYokeAppUITests" */ = {
			isa = XCConfigurationList;
			buildConfigurations = (
				3956E0BF1EE1E90A00B5C93E /* Debug */,
				3956E0C01EE1E90A00B5C93E /* Release */,
			);
			defaultConfigurationIsVisible = 0;
		};
/* End XCConfigurationList section */
	};
	rootObject = 3956E0831EE1E90A00B5C93E /* Project object */;
}
